// !$*UTF8*$!
{
	archiveVersion = 1;
	classes = {
	};
	objectVersion = 46;
	objects = {

/* Begin PBXBuildFile section */
		1BE1964E1C69DAE236A65692 /* libPods-Chirp.a in Frameworks */ = {isa = PBXBuildFile; fileRef = 1AA06A25A0A55EE1A86938A6 /* libPods-Chirp.a */; };
		8C12F2D11EF46E550044BDB3 /* main.m in Sources */ = {isa = PBXBuildFile; fileRef = 8C12F2D01EF46E550044BDB3 /* main.m */; };
		8C12F2D41EF46E560044BDB3 /* AppDelegate.m in Sources */ = {isa = PBXBuildFile; fileRef = 8C12F2D31EF46E560044BDB3 /* AppDelegate.m */; };
		8C12F2D71EF46E560044BDB3 /* ViewController.m in Sources */ = {isa = PBXBuildFile; fileRef = 8C12F2D61EF46E560044BDB3 /* ViewController.m */; };
		8C12F2DA1EF46E570044BDB3 /* Main.storyboard in Resources */ = {isa = PBXBuildFile; fileRef = 8C12F2D81EF46E570044BDB3 /* Main.storyboard */; };
		8C12F2DC1EF46E580044BDB3 /* Assets.xcassets in Resources */ = {isa = PBXBuildFile; fileRef = 8C12F2DB1EF46E580044BDB3 /* Assets.xcassets */; };
		8C12F2DF1EF46E580044BDB3 /* LaunchScreen.storyboard in Resources */ = {isa = PBXBuildFile; fileRef = 8C12F2DD1EF46E580044BDB3 /* LaunchScreen.storyboard */; };
		8C12F2EA1EF46E590044BDB3 /* ChirpTests.m in Sources */ = {isa = PBXBuildFile; fileRef = 8C12F2E91EF46E590044BDB3 /* ChirpTests.m */; };
		8C4C1A381EF9A6EB00DEAD6E /* TwitterConfig.plist in Resources */ = {isa = PBXBuildFile; fileRef = 8C4C1A371EF9A6EB00DEAD6E /* TwitterConfig.plist */; };
		8C4C1A391EF9A6EB00DEAD6E /* TwitterConfig.plist in Resources */ = {isa = PBXBuildFile; fileRef = 8C4C1A371EF9A6EB00DEAD6E /* TwitterConfig.plist */; };
		8C4C1A3C1EF9A78700DEAD6E /* TLTwitterAPIClient.m in Sources */ = {isa = PBXBuildFile; fileRef = 8C4C1A3B1EF9A78700DEAD6E /* TLTwitterAPIClient.m */; };
		8C4C1A3D1EF9A78700DEAD6E /* TLTwitterAPIClient.m in Sources */ = {isa = PBXBuildFile; fileRef = 8C4C1A3B1EF9A78700DEAD6E /* TLTwitterAPIClient.m */; };
		8C4C1A441EFACA0000DEAD6E /* TLUser.m in Sources */ = {isa = PBXBuildFile; fileRef = 8C4C1A431EFAC9FF00DEAD6E /* TLUser.m */; };
		8C4C1A451EFACA0000DEAD6E /* TLUser.m in Sources */ = {isa = PBXBuildFile; fileRef = 8C4C1A431EFAC9FF00DEAD6E /* TLUser.m */; };
		8C4C1A481EFACABC00DEAD6E /* TLAuthUser.m in Sources */ = {isa = PBXBuildFile; fileRef = 8C4C1A471EFACABC00DEAD6E /* TLAuthUser.m */; };
		8C4C1A491EFACABC00DEAD6E /* TLAuthUser.m in Sources */ = {isa = PBXBuildFile; fileRef = 8C4C1A471EFACABC00DEAD6E /* TLAuthUser.m */; };
		8C4C1A4D1EFAE15600DEAD6E /* TLLoginViewController.m in Sources */ = {isa = PBXBuildFile; fileRef = 8C4C1A4B1EFAE15600DEAD6E /* TLLoginViewController.m */; };
		8C4C1A591EFAE8DD00DEAD6E /* TLProfileLoginView.m in Sources */ = {isa = PBXBuildFile; fileRef = 8C4C1A581EFAE8DD00DEAD6E /* TLProfileLoginView.m */; };
		8C4C1A5B1EFAE94700DEAD6E /* TLProfileLoginView.xib in Resources */ = {isa = PBXBuildFile; fileRef = 8C4C1A5A1EFAE94700DEAD6E /* TLProfileLoginView.xib */; };
		8C4C1A671EFB711F00DEAD6E /* TLTweet.m in Sources */ = {isa = PBXBuildFile; fileRef = 8C4C1A661EFB711F00DEAD6E /* TLTweet.m */; };
		8C4C1A681EFB712000DEAD6E /* TLTweet.m in Sources */ = {isa = PBXBuildFile; fileRef = 8C4C1A661EFB711F00DEAD6E /* TLTweet.m */; };
		8C4C1A6B1EFB7A2200DEAD6E /* TLBaseViewController.m in Sources */ = {isa = PBXBuildFile; fileRef = 8C4C1A6A1EFB7A2200DEAD6E /* TLBaseViewController.m */; };
		8C4C1A6C1EFB7A2200DEAD6E /* TLBaseViewController.m in Sources */ = {isa = PBXBuildFile; fileRef = 8C4C1A6A1EFB7A2200DEAD6E /* TLBaseViewController.m */; };
		8C4C1A741EFB7C4900DEAD6E /* TLHomeTimelineTableViewController.m in Sources */ = {isa = PBXBuildFile; fileRef = 8C4C1A721EFB7C4900DEAD6E /* TLHomeTimelineTableViewController.m */; };
		8C4C1A751EFB7C4900DEAD6E /* TLHomeTimelineTableViewController.m in Sources */ = {isa = PBXBuildFile; fileRef = 8C4C1A721EFB7C4900DEAD6E /* TLHomeTimelineTableViewController.m */; };
		8C4C1A7B1EFB817600DEAD6E /* TLTweetTableViewCell.m in Sources */ = {isa = PBXBuildFile; fileRef = 8C4C1A791EFB817600DEAD6E /* TLTweetTableViewCell.m */; };
		8C4C1A7C1EFB817600DEAD6E /* TLTweetTableViewCell.m in Sources */ = {isa = PBXBuildFile; fileRef = 8C4C1A791EFB817600DEAD6E /* TLTweetTableViewCell.m */; };
		8C4C1A7D1EFB817600DEAD6E /* TLTweetTableViewCell.xib in Resources */ = {isa = PBXBuildFile; fileRef = 8C4C1A7A1EFB817600DEAD6E /* TLTweetTableViewCell.xib */; };
		8C4C1A7E1EFB817600DEAD6E /* TLTweetTableViewCell.xib in Resources */ = {isa = PBXBuildFile; fileRef = 8C4C1A7A1EFB817600DEAD6E /* TLTweetTableViewCell.xib */; };
		8C4C1A801EFBA79400DEAD6E /* verified_profile_img.png in Resources */ = {isa = PBXBuildFile; fileRef = 8C4C1A7F1EFBA79400DEAD6E /* verified_profile_img.png */; };
		8C4C1A811EFBA79400DEAD6E /* verified_profile_img.png in Resources */ = {isa = PBXBuildFile; fileRef = 8C4C1A7F1EFBA79400DEAD6E /* verified_profile_img.png */; };
		8C4C1A831EFBA79F00DEAD6E /* no_profile_img.png in Resources */ = {isa = PBXBuildFile; fileRef = 8C4C1A821EFBA79F00DEAD6E /* no_profile_img.png */; };
		8C4C1A841EFBA79F00DEAD6E /* no_profile_img.png in Resources */ = {isa = PBXBuildFile; fileRef = 8C4C1A821EFBA79F00DEAD6E /* no_profile_img.png */; };
		8C4C1A891EFBAAA400DEAD6E /* twitter_icon_img.png in Resources */ = {isa = PBXBuildFile; fileRef = 8C4C1A881EFBAAA400DEAD6E /* twitter_icon_img.png */; };
		8C4C1A8A1EFBAAA400DEAD6E /* twitter_icon_img.png in Resources */ = {isa = PBXBuildFile; fileRef = 8C4C1A881EFBAAA400DEAD6E /* twitter_icon_img.png */; };
		8C4C1A8F1EFBAC3800DEAD6E /* profile_setting_img.png in Resources */ = {isa = PBXBuildFile; fileRef = 8C4C1A8E1EFBAC3800DEAD6E /* profile_setting_img.png */; };
		8C4C1A901EFBAC3800DEAD6E /* profile_setting_img.png in Resources */ = {isa = PBXBuildFile; fileRef = 8C4C1A8E1EFBAC3800DEAD6E /* profile_setting_img.png */; };
		8C4C1A921EFBAEA300DEAD6E /* compose_tweet.png in Resources */ = {isa = PBXBuildFile; fileRef = 8C4C1A911EFBAEA200DEAD6E /* compose_tweet.png */; };
		8C4C1A931EFBAEA300DEAD6E /* compose_tweet.png in Resources */ = {isa = PBXBuildFile; fileRef = 8C4C1A911EFBAEA200DEAD6E /* compose_tweet.png */; };
		8C4C1A961EFBAF7700DEAD6E /* TLTweetButtonView.m in Sources */ = {isa = PBXBuildFile; fileRef = 8C4C1A951EFBAF7700DEAD6E /* TLTweetButtonView.m */; };
		8C4C1A971EFBAF7700DEAD6E /* TLTweetButtonView.m in Sources */ = {isa = PBXBuildFile; fileRef = 8C4C1A951EFBAF7700DEAD6E /* TLTweetButtonView.m */; };
		8C4C1A9D1EFC406900DEAD6E /* TLTweetEditorViewController.m in Sources */ = {isa = PBXBuildFile; fileRef = 8C4C1A9C1EFC406700DEAD6E /* TLTweetEditorViewController.m */; };
		8C4C1A9E1EFC406A00DEAD6E /* TLTweetEditorViewController.m in Sources */ = {isa = PBXBuildFile; fileRef = 8C4C1A9C1EFC406700DEAD6E /* TLTweetEditorViewController.m */; };
		B0AD1645D273E33549DABDAF /* libPods-ChirpTests.a in Frameworks */ = {isa = PBXBuildFile; fileRef = FBD31499B5401A2583398DC0 /* libPods-ChirpTests.a */; };
/* End PBXBuildFile section */

/* Begin PBXContainerItemProxy section */
		8C12F2E61EF46E590044BDB3 /* PBXContainerItemProxy */ = {
			isa = PBXContainerItemProxy;
			containerPortal = 8C12F2C41EF46E540044BDB3 /* Project object */;
			proxyType = 1;
			remoteGlobalIDString = 8C12F2CB1EF46E550044BDB3;
			remoteInfo = Chirp;
		};
/* End PBXContainerItemProxy section */

/* Begin PBXFileReference section */
		11111EC92D6F3A22D85AE2E9 /* Pods-ChirpTests.debug.xcconfig */ = {isa = PBXFileReference; includeInIndex = 1; lastKnownFileType = text.xcconfig; name = "Pods-ChirpTests.debug.xcconfig"; path = "Pods/Target Support Files/Pods-ChirpTests/Pods-ChirpTests.debug.xcconfig"; sourceTree = "<group>"; };
		139917D3C26A9CD0F67B85D9 /* Pods-ChirpTests.release.xcconfig */ = {isa = PBXFileReference; includeInIndex = 1; lastKnownFileType = text.xcconfig; name = "Pods-ChirpTests.release.xcconfig"; path = "Pods/Target Support Files/Pods-ChirpTests/Pods-ChirpTests.release.xcconfig"; sourceTree = "<group>"; };
		1AA06A25A0A55EE1A86938A6 /* libPods-Chirp.a */ = {isa = PBXFileReference; explicitFileType = archive.ar; includeInIndex = 0; path = "libPods-Chirp.a"; sourceTree = BUILT_PRODUCTS_DIR; };
		5F611F31AE2114BE4CFDE34C /* Pods-Chirp.debug.xcconfig */ = {isa = PBXFileReference; includeInIndex = 1; lastKnownFileType = text.xcconfig; name = "Pods-Chirp.debug.xcconfig"; path = "Pods/Target Support Files/Pods-Chirp/Pods-Chirp.debug.xcconfig"; sourceTree = "<group>"; };
		8C12F2CC1EF46E550044BDB3 /* Chirp.app */ = {isa = PBXFileReference; explicitFileType = wrapper.application; includeInIndex = 0; path = Chirp.app; sourceTree = BUILT_PRODUCTS_DIR; };
		8C12F2D01EF46E550044BDB3 /* main.m */ = {isa = PBXFileReference; lastKnownFileType = sourcecode.c.objc; path = main.m; sourceTree = "<group>"; };
		8C12F2D21EF46E560044BDB3 /* AppDelegate.h */ = {isa = PBXFileReference; lastKnownFileType = sourcecode.c.h; path = AppDelegate.h; sourceTree = "<group>"; };
		8C12F2D31EF46E560044BDB3 /* AppDelegate.m */ = {isa = PBXFileReference; lastKnownFileType = sourcecode.c.objc; path = AppDelegate.m; sourceTree = "<group>"; };
		8C12F2D51EF46E560044BDB3 /* ViewController.h */ = {isa = PBXFileReference; lastKnownFileType = sourcecode.c.h; path = ViewController.h; sourceTree = "<group>"; };
		8C12F2D61EF46E560044BDB3 /* ViewController.m */ = {isa = PBXFileReference; lastKnownFileType = sourcecode.c.objc; path = ViewController.m; sourceTree = "<group>"; };
		8C12F2D91EF46E570044BDB3 /* Base */ = {isa = PBXFileReference; lastKnownFileType = file.storyboard; name = Base; path = Base.lproj/Main.storyboard; sourceTree = "<group>"; };
		8C12F2DB1EF46E580044BDB3 /* Assets.xcassets */ = {isa = PBXFileReference; lastKnownFileType = folder.assetcatalog; path = Assets.xcassets; sourceTree = "<group>"; };
		8C12F2DE1EF46E580044BDB3 /* Base */ = {isa = PBXFileReference; lastKnownFileType = file.storyboard; name = Base; path = Base.lproj/LaunchScreen.storyboard; sourceTree = "<group>"; };
		8C12F2E01EF46E580044BDB3 /* Info.plist */ = {isa = PBXFileReference; lastKnownFileType = text.plist.xml; path = Info.plist; sourceTree = "<group>"; };
		8C12F2E51EF46E590044BDB3 /* ChirpTests.xctest */ = {isa = PBXFileReference; explicitFileType = wrapper.cfbundle; includeInIndex = 0; path = ChirpTests.xctest; sourceTree = BUILT_PRODUCTS_DIR; };
		8C12F2E91EF46E590044BDB3 /* ChirpTests.m */ = {isa = PBXFileReference; lastKnownFileType = sourcecode.c.objc; path = ChirpTests.m; sourceTree = "<group>"; };
		8C12F2EB1EF46E590044BDB3 /* Info.plist */ = {isa = PBXFileReference; lastKnownFileType = text.plist.xml; path = Info.plist; sourceTree = "<group>"; };
		8C4C1A371EF9A6EB00DEAD6E /* TwitterConfig.plist */ = {isa = PBXFileReference; fileEncoding = 4; lastKnownFileType = text.plist.xml; path = TwitterConfig.plist; sourceTree = "<group>"; };
		8C4C1A3A1EF9A78700DEAD6E /* TLTwitterAPIClient.h */ = {isa = PBXFileReference; fileEncoding = 4; lastKnownFileType = sourcecode.c.h; path = TLTwitterAPIClient.h; sourceTree = "<group>"; };
		8C4C1A3B1EF9A78700DEAD6E /* TLTwitterAPIClient.m */ = {isa = PBXFileReference; fileEncoding = 4; lastKnownFileType = sourcecode.c.objc; path = TLTwitterAPIClient.m; sourceTree = "<group>"; };
		8C4C1A421EFAC9FF00DEAD6E /* TLUser.h */ = {isa = PBXFileReference; fileEncoding = 4; lastKnownFileType = sourcecode.c.h; path = TLUser.h; sourceTree = "<group>"; };
		8C4C1A431EFAC9FF00DEAD6E /* TLUser.m */ = {isa = PBXFileReference; fileEncoding = 4; lastKnownFileType = sourcecode.c.objc; path = TLUser.m; sourceTree = "<group>"; };
		8C4C1A461EFACABC00DEAD6E /* TLAuthUser.h */ = {isa = PBXFileReference; fileEncoding = 4; lastKnownFileType = sourcecode.c.h; path = TLAuthUser.h; sourceTree = "<group>"; };
		8C4C1A471EFACABC00DEAD6E /* TLAuthUser.m */ = {isa = PBXFileReference; fileEncoding = 4; lastKnownFileType = sourcecode.c.objc; path = TLAuthUser.m; sourceTree = "<group>"; };
		8C4C1A4A1EFAE15600DEAD6E /* TLLoginViewController.h */ = {isa = PBXFileReference; fileEncoding = 4; lastKnownFileType = sourcecode.c.h; path = TLLoginViewController.h; sourceTree = "<group>"; };
		8C4C1A4B1EFAE15600DEAD6E /* TLLoginViewController.m */ = {isa = PBXFileReference; fileEncoding = 4; lastKnownFileType = sourcecode.c.objc; path = TLLoginViewController.m; sourceTree = "<group>"; };
		8C4C1A571EFAE8DD00DEAD6E /* TLProfileLoginView.h */ = {isa = PBXFileReference; fileEncoding = 4; lastKnownFileType = sourcecode.c.h; path = TLProfileLoginView.h; sourceTree = "<group>"; };
		8C4C1A581EFAE8DD00DEAD6E /* TLProfileLoginView.m */ = {isa = PBXFileReference; fileEncoding = 4; lastKnownFileType = sourcecode.c.objc; path = TLProfileLoginView.m; sourceTree = "<group>"; };
		8C4C1A5A1EFAE94700DEAD6E /* TLProfileLoginView.xib */ = {isa = PBXFileReference; fileEncoding = 4; lastKnownFileType = file.xib; path = TLProfileLoginView.xib; sourceTree = "<group>"; };
		8C4C1A5C1EFB126100DEAD6E /* TLLoginLogoutDelegate.h */ = {isa = PBXFileReference; fileEncoding = 4; lastKnownFileType = sourcecode.c.h; path = TLLoginLogoutDelegate.h; sourceTree = "<group>"; };
		8C4C1A651EFB711F00DEAD6E /* TLTweet.h */ = {isa = PBXFileReference; fileEncoding = 4; lastKnownFileType = sourcecode.c.h; path = TLTweet.h; sourceTree = "<group>"; };
		8C4C1A661EFB711F00DEAD6E /* TLTweet.m */ = {isa = PBXFileReference; fileEncoding = 4; lastKnownFileType = sourcecode.c.objc; path = TLTweet.m; sourceTree = "<group>"; };
		8C4C1A691EFB7A2200DEAD6E /* TLBaseViewController.h */ = {isa = PBXFileReference; fileEncoding = 4; lastKnownFileType = sourcecode.c.h; path = TLBaseViewController.h; sourceTree = "<group>"; };
		8C4C1A6A1EFB7A2200DEAD6E /* TLBaseViewController.m */ = {isa = PBXFileReference; fileEncoding = 4; lastKnownFileType = sourcecode.c.objc; path = TLBaseViewController.m; sourceTree = "<group>"; };
		8C4C1A711EFB7C4900DEAD6E /* TLHomeTimelineTableViewController.h */ = {isa = PBXFileReference; fileEncoding = 4; lastKnownFileType = sourcecode.c.h; path = TLHomeTimelineTableViewController.h; sourceTree = "<group>"; };
		8C4C1A721EFB7C4900DEAD6E /* TLHomeTimelineTableViewController.m */ = {isa = PBXFileReference; fileEncoding = 4; lastKnownFileType = sourcecode.c.objc; path = TLHomeTimelineTableViewController.m; sourceTree = "<group>"; };
		8C4C1A781EFB817600DEAD6E /* TLTweetTableViewCell.h */ = {isa = PBXFileReference; fileEncoding = 4; lastKnownFileType = sourcecode.c.h; path = TLTweetTableViewCell.h; sourceTree = "<group>"; };
		8C4C1A791EFB817600DEAD6E /* TLTweetTableViewCell.m */ = {isa = PBXFileReference; fileEncoding = 4; lastKnownFileType = sourcecode.c.objc; path = TLTweetTableViewCell.m; sourceTree = "<group>"; };
		8C4C1A7A1EFB817600DEAD6E /* TLTweetTableViewCell.xib */ = {isa = PBXFileReference; fileEncoding = 4; lastKnownFileType = file.xib; path = TLTweetTableViewCell.xib; sourceTree = "<group>"; };
		8C4C1A7F1EFBA79400DEAD6E /* verified_profile_img.png */ = {isa = PBXFileReference; lastKnownFileType = image.png; path = verified_profile_img.png; sourceTree = "<group>"; };
		8C4C1A821EFBA79F00DEAD6E /* no_profile_img.png */ = {isa = PBXFileReference; lastKnownFileType = image.png; path = no_profile_img.png; sourceTree = "<group>"; };
		8C4C1A881EFBAAA400DEAD6E /* twitter_icon_img.png */ = {isa = PBXFileReference; lastKnownFileType = image.png; path = twitter_icon_img.png; sourceTree = "<group>"; };
		8C4C1A8E1EFBAC3800DEAD6E /* profile_setting_img.png */ = {isa = PBXFileReference; lastKnownFileType = image.png; path = profile_setting_img.png; sourceTree = "<group>"; };
		8C4C1A911EFBAEA200DEAD6E /* compose_tweet.png */ = {isa = PBXFileReference; lastKnownFileType = image.png; path = compose_tweet.png; sourceTree = "<group>"; };
		8C4C1A941EFBAF7700DEAD6E /* TLTweetButtonView.h */ = {isa = PBXFileReference; fileEncoding = 4; lastKnownFileType = sourcecode.c.h; path = TLTweetButtonView.h; sourceTree = "<group>"; };
		8C4C1A951EFBAF7700DEAD6E /* TLTweetButtonView.m */ = {isa = PBXFileReference; fileEncoding = 4; lastKnownFileType = sourcecode.c.objc; path = TLTweetButtonView.m; sourceTree = "<group>"; };
		8C4C1A9B1EFC406700DEAD6E /* TLTweetEditorViewController.h */ = {isa = PBXFileReference; fileEncoding = 4; lastKnownFileType = sourcecode.c.h; path = TLTweetEditorViewController.h; sourceTree = "<group>"; };
		8C4C1A9C1EFC406700DEAD6E /* TLTweetEditorViewController.m */ = {isa = PBXFileReference; fileEncoding = 4; lastKnownFileType = sourcecode.c.objc; path = TLTweetEditorViewController.m; sourceTree = "<group>"; };
		BB7C9F27E68F2E3D1A1CA577 /* Pods-Chirp.release.xcconfig */ = {isa = PBXFileReference; includeInIndex = 1; lastKnownFileType = text.xcconfig; name = "Pods-Chirp.release.xcconfig"; path = "Pods/Target Support Files/Pods-Chirp/Pods-Chirp.release.xcconfig"; sourceTree = "<group>"; };
		FBD31499B5401A2583398DC0 /* libPods-ChirpTests.a */ = {isa = PBXFileReference; explicitFileType = archive.ar; includeInIndex = 0; path = "libPods-ChirpTests.a"; sourceTree = BUILT_PRODUCTS_DIR; };
/* End PBXFileReference section */

/* Begin PBXFrameworksBuildPhase section */
		8C12F2C91EF46E550044BDB3 /* Frameworks */ = {
			isa = PBXFrameworksBuildPhase;
			buildActionMask = 2147483647;
			files = (
				1BE1964E1C69DAE236A65692 /* libPods-Chirp.a in Frameworks */,
			);
			runOnlyForDeploymentPostprocessing = 0;
		};
		8C12F2E21EF46E590044BDB3 /* Frameworks */ = {
			isa = PBXFrameworksBuildPhase;
			buildActionMask = 2147483647;
			files = (
				B0AD1645D273E33549DABDAF /* libPods-ChirpTests.a in Frameworks */,
			);
			runOnlyForDeploymentPostprocessing = 0;
		};
/* End PBXFrameworksBuildPhase section */

/* Begin PBXGroup section */
		3BB9C5E10ED3E10FF33F7C06 /* Pods */ = {
			isa = PBXGroup;
			children = (
				5F611F31AE2114BE4CFDE34C /* Pods-Chirp.debug.xcconfig */,
				BB7C9F27E68F2E3D1A1CA577 /* Pods-Chirp.release.xcconfig */,
				11111EC92D6F3A22D85AE2E9 /* Pods-ChirpTests.debug.xcconfig */,
				139917D3C26A9CD0F67B85D9 /* Pods-ChirpTests.release.xcconfig */,
			);
			name = Pods;
			sourceTree = "<group>";
		};
		4D9009C8BE1FADFE88A9A0BC /* Frameworks */ = {
			isa = PBXGroup;
			children = (
				1AA06A25A0A55EE1A86938A6 /* libPods-Chirp.a */,
				FBD31499B5401A2583398DC0 /* libPods-ChirpTests.a */,
			);
			name = Frameworks;
			sourceTree = "<group>";
		};
		8C12F2C31EF46E540044BDB3 = {
			isa = PBXGroup;
			children = (
				8C12F2CE1EF46E550044BDB3 /* Chirp */,
				8C12F2E81EF46E590044BDB3 /* ChirpTests */,
				8C12F2CD1EF46E550044BDB3 /* Products */,
				3BB9C5E10ED3E10FF33F7C06 /* Pods */,
				4D9009C8BE1FADFE88A9A0BC /* Frameworks */,
			);
			sourceTree = "<group>";
		};
		8C12F2CD1EF46E550044BDB3 /* Products */ = {
			isa = PBXGroup;
			children = (
				8C12F2CC1EF46E550044BDB3 /* Chirp.app */,
				8C12F2E51EF46E590044BDB3 /* ChirpTests.xctest */,
			);
			name = Products;
			sourceTree = "<group>";
		};
		8C12F2CE1EF46E550044BDB3 /* Chirp */ = {
			isa = PBXGroup;
			children = (
				8C12F2D21EF46E560044BDB3 /* AppDelegate.h */,
				8C12F2D31EF46E560044BDB3 /* AppDelegate.m */,
				8C12F2D51EF46E560044BDB3 /* ViewController.h */,
				8C12F2D61EF46E560044BDB3 /* ViewController.m */,
				8C12F2D81EF46E570044BDB3 /* Main.storyboard */,
				8C12F2DB1EF46E580044BDB3 /* Assets.xcassets */,
				8C12F2DD1EF46E580044BDB3 /* LaunchScreen.storyboard */,
				8C12F2E01EF46E580044BDB3 /* Info.plist */,
				8C4C1A371EF9A6EB00DEAD6E /* TwitterConfig.plist */,
				8C12F2CF1EF46E550044BDB3 /* Supporting Files */,
				8C4C1A3A1EF9A78700DEAD6E /* TLTwitterAPIClient.h */,
				8C4C1A3B1EF9A78700DEAD6E /* TLTwitterAPIClient.m */,
				8C4C1A421EFAC9FF00DEAD6E /* TLUser.h */,
				8C4C1A431EFAC9FF00DEAD6E /* TLUser.m */,
				8C4C1A461EFACABC00DEAD6E /* TLAuthUser.h */,
				8C4C1A471EFACABC00DEAD6E /* TLAuthUser.m */,
				8C4C1A691EFB7A2200DEAD6E /* TLBaseViewController.h */,
				8C4C1A6A1EFB7A2200DEAD6E /* TLBaseViewController.m */,
				8C4C1A4A1EFAE15600DEAD6E /* TLLoginViewController.h */,
				8C4C1A4B1EFAE15600DEAD6E /* TLLoginViewController.m */,
				8C4C1A571EFAE8DD00DEAD6E /* TLProfileLoginView.h */,
				8C4C1A581EFAE8DD00DEAD6E /* TLProfileLoginView.m */,
				8C4C1A5A1EFAE94700DEAD6E /* TLProfileLoginView.xib */,
				8C4C1A5C1EFB126100DEAD6E /* TLLoginLogoutDelegate.h */,
				8C4C1A651EFB711F00DEAD6E /* TLTweet.h */,
				8C4C1A661EFB711F00DEAD6E /* TLTweet.m */,
				8C4C1A711EFB7C4900DEAD6E /* TLHomeTimelineTableViewController.h */,
				8C4C1A721EFB7C4900DEAD6E /* TLHomeTimelineTableViewController.m */,
				8C4C1A781EFB817600DEAD6E /* TLTweetTableViewCell.h */,
				8C4C1A791EFB817600DEAD6E /* TLTweetTableViewCell.m */,
				8C4C1A7A1EFB817600DEAD6E /* TLTweetTableViewCell.xib */,
				8C4C1A821EFBA79F00DEAD6E /* no_profile_img.png */,
				8C4C1A941EFBAF7700DEAD6E /* TLTweetButtonView.h */,
				8C4C1A951EFBAF7700DEAD6E /* TLTweetButtonView.m */,
				8C4C1A7F1EFBA79400DEAD6E /* verified_profile_img.png */,
				8C4C1A881EFBAAA400DEAD6E /* twitter_icon_img.png */,
				8C4C1A8E1EFBAC3800DEAD6E /* profile_setting_img.png */,
				8C4C1A911EFBAEA200DEAD6E /* compose_tweet.png */,
				8C4C1A9B1EFC406700DEAD6E /* TLTweetEditorViewController.h */,
				8C4C1A9C1EFC406700DEAD6E /* TLTweetEditorViewController.m */,
			);
			path = Chirp;
			sourceTree = "<group>";
		};
		8C12F2CF1EF46E550044BDB3 /* Supporting Files */ = {
			isa = PBXGroup;
			children = (
				8C12F2D01EF46E550044BDB3 /* main.m */,
			);
			name = "Supporting Files";
			sourceTree = "<group>";
		};
		8C12F2E81EF46E590044BDB3 /* ChirpTests */ = {
			isa = PBXGroup;
			children = (
				8C12F2E91EF46E590044BDB3 /* ChirpTests.m */,
				8C12F2EB1EF46E590044BDB3 /* Info.plist */,
			);
			path = ChirpTests;
			sourceTree = "<group>";
		};
/* End PBXGroup section */

/* Begin PBXNativeTarget section */
		8C12F2CB1EF46E550044BDB3 /* Chirp */ = {
			isa = PBXNativeTarget;
			buildConfigurationList = 8C12F2EE1EF46E590044BDB3 /* Build configuration list for PBXNativeTarget "Chirp" */;
			buildPhases = (
				AE054BC74F49022CE32A6588 /* [CP] Check Pods Manifest.lock */,
				8C12F2C81EF46E550044BDB3 /* Sources */,
				8C12F2C91EF46E550044BDB3 /* Frameworks */,
				8C12F2CA1EF46E550044BDB3 /* Resources */,
				7CB06049B10283E7CF04B791 /* [CP] Embed Pods Frameworks */,
				4A3F273918527C2DC4E3D078 /* [CP] Copy Pods Resources */,
			);
			buildRules = (
			);
			dependencies = (
			);
			name = Chirp;
			productName = Chirp;
			productReference = 8C12F2CC1EF46E550044BDB3 /* Chirp.app */;
			productType = "com.apple.product-type.application";
		};
		8C12F2E41EF46E590044BDB3 /* ChirpTests */ = {
			isa = PBXNativeTarget;
			buildConfigurationList = 8C12F2F11EF46E590044BDB3 /* Build configuration list for PBXNativeTarget "ChirpTests" */;
			buildPhases = (
				E32878BE6A3DA088655E656D /* [CP] Check Pods Manifest.lock */,
				8C12F2E11EF46E590044BDB3 /* Sources */,
				8C12F2E21EF46E590044BDB3 /* Frameworks */,
				8C12F2E31EF46E590044BDB3 /* Resources */,
				1FAC1B0465D44DF7C6BA16CD /* [CP] Embed Pods Frameworks */,
				2E1619C4FEA97E3573C57889 /* [CP] Copy Pods Resources */,
			);
			buildRules = (
			);
			dependencies = (
				8C12F2E71EF46E590044BDB3 /* PBXTargetDependency */,
			);
			name = ChirpTests;
			productName = ChirpTests;
			productReference = 8C12F2E51EF46E590044BDB3 /* ChirpTests.xctest */;
			productType = "com.apple.product-type.bundle.unit-test";
		};
/* End PBXNativeTarget section */

/* Begin PBXProject section */
		8C12F2C41EF46E540044BDB3 /* Project object */ = {
			isa = PBXProject;
			attributes = {
				LastUpgradeCheck = 0830;
				ORGANIZATIONNAME = "Mark Gage";
				TargetAttributes = {
					8C12F2CB1EF46E550044BDB3 = {
						CreatedOnToolsVersion = 8.3.2;
						DevelopmentTeam = 762W2U8JVP;
						ProvisioningStyle = Automatic;
					};
					8C12F2E41EF46E590044BDB3 = {
						CreatedOnToolsVersion = 8.3.2;
						ProvisioningStyle = Automatic;
						TestTargetID = 8C12F2CB1EF46E550044BDB3;
					};
				};
			};
			buildConfigurationList = 8C12F2C71EF46E550044BDB3 /* Build configuration list for PBXProject "Chirp" */;
			compatibilityVersion = "Xcode 3.2";
			developmentRegion = English;
			hasScannedForEncodings = 0;
			knownRegions = (
				en,
				Base,
			);
			mainGroup = 8C12F2C31EF46E540044BDB3;
			productRefGroup = 8C12F2CD1EF46E550044BDB3 /* Products */;
			projectDirPath = "";
			projectRoot = "";
			targets = (
				8C12F2CB1EF46E550044BDB3 /* Chirp */,
				8C12F2E41EF46E590044BDB3 /* ChirpTests */,
			);
		};
/* End PBXProject section */

/* Begin PBXResourcesBuildPhase section */
		8C12F2CA1EF46E550044BDB3 /* Resources */ = {
			isa = PBXResourcesBuildPhase;
			buildActionMask = 2147483647;
			files = (
				8C4C1A921EFBAEA300DEAD6E /* compose_tweet.png in Resources */,
				8C12F2DF1EF46E580044BDB3 /* LaunchScreen.storyboard in Resources */,
				8C12F2DC1EF46E580044BDB3 /* Assets.xcassets in Resources */,
				8C4C1A891EFBAAA400DEAD6E /* twitter_icon_img.png in Resources */,
				8C4C1A5B1EFAE94700DEAD6E /* TLProfileLoginView.xib in Resources */,
				8C4C1A7D1EFB817600DEAD6E /* TLTweetTableViewCell.xib in Resources */,
				8C4C1A801EFBA79400DEAD6E /* verified_profile_img.png in Resources */,
				8C4C1A381EF9A6EB00DEAD6E /* TwitterConfig.plist in Resources */,
				8C4C1A831EFBA79F00DEAD6E /* no_profile_img.png in Resources */,
				8C4C1A8F1EFBAC3800DEAD6E /* profile_setting_img.png in Resources */,
				8C12F2DA1EF46E570044BDB3 /* Main.storyboard in Resources */,
			);
			runOnlyForDeploymentPostprocessing = 0;
		};
		8C12F2E31EF46E590044BDB3 /* Resources */ = {
			isa = PBXResourcesBuildPhase;
			buildActionMask = 2147483647;
			files = (
				8C4C1A901EFBAC3800DEAD6E /* profile_setting_img.png in Resources */,
				8C4C1A931EFBAEA300DEAD6E /* compose_tweet.png in Resources */,
				8C4C1A8A1EFBAAA400DEAD6E /* twitter_icon_img.png in Resources */,
				8C4C1A811EFBA79400DEAD6E /* verified_profile_img.png in Resources */,
				8C4C1A391EF9A6EB00DEAD6E /* TwitterConfig.plist in Resources */,
				8C4C1A841EFBA79F00DEAD6E /* no_profile_img.png in Resources */,
				8C4C1A7E1EFB817600DEAD6E /* TLTweetTableViewCell.xib in Resources */,
			);
			runOnlyForDeploymentPostprocessing = 0;
		};
/* End PBXResourcesBuildPhase section */

/* Begin PBXShellScriptBuildPhase section */
		1FAC1B0465D44DF7C6BA16CD /* [CP] Embed Pods Frameworks */ = {
			isa = PBXShellScriptBuildPhase;
			buildActionMask = 2147483647;
			files = (
			);
			inputPaths = (
			);
			name = "[CP] Embed Pods Frameworks";
			outputPaths = (
			);
			runOnlyForDeploymentPostprocessing = 0;
			shellPath = /bin/sh;
			shellScript = "\"${SRCROOT}/Pods/Target Support Files/Pods-ChirpTests/Pods-ChirpTests-frameworks.sh\"\n";
			showEnvVarsInLog = 0;
		};
		2E1619C4FEA97E3573C57889 /* [CP] Copy Pods Resources */ = {
			isa = PBXShellScriptBuildPhase;
			buildActionMask = 2147483647;
			files = (
			);
			inputPaths = (
			);
			name = "[CP] Copy Pods Resources";
			outputPaths = (
			);
			runOnlyForDeploymentPostprocessing = 0;
			shellPath = /bin/sh;
			shellScript = "\"${SRCROOT}/Pods/Target Support Files/Pods-ChirpTests/Pods-ChirpTests-resources.sh\"\n";
			showEnvVarsInLog = 0;
		};
		4A3F273918527C2DC4E3D078 /* [CP] Copy Pods Resources */ = {
			isa = PBXShellScriptBuildPhase;
			buildActionMask = 2147483647;
			files = (
			);
			inputPaths = (
			);
			name = "[CP] Copy Pods Resources";
			outputPaths = (
			);
			runOnlyForDeploymentPostprocessing = 0;
			shellPath = /bin/sh;
			shellScript = "\"${SRCROOT}/Pods/Target Support Files/Pods-Chirp/Pods-Chirp-resources.sh\"\n";
			showEnvVarsInLog = 0;
		};
		7CB06049B10283E7CF04B791 /* [CP] Embed Pods Frameworks */ = {
			isa = PBXShellScriptBuildPhase;
			buildActionMask = 2147483647;
			files = (
			);
			inputPaths = (
			);
			name = "[CP] Embed Pods Frameworks";
			outputPaths = (
			);
			runOnlyForDeploymentPostprocessing = 0;
			shellPath = /bin/sh;
			shellScript = "\"${SRCROOT}/Pods/Target Support Files/Pods-Chirp/Pods-Chirp-frameworks.sh\"\n";
			showEnvVarsInLog = 0;
		};
		AE054BC74F49022CE32A6588 /* [CP] Check Pods Manifest.lock */ = {
			isa = PBXShellScriptBuildPhase;
			buildActionMask = 2147483647;
			files = (
			);
			inputPaths = (
			);
			name = "[CP] Check Pods Manifest.lock";
			outputPaths = (
			);
			runOnlyForDeploymentPostprocessing = 0;
			shellPath = /bin/sh;
			shellScript = "diff \"${PODS_PODFILE_DIR_PATH}/Podfile.lock\" \"${PODS_ROOT}/Manifest.lock\" > /dev/null\nif [ $? != 0 ] ; then\n    # print error to STDERR\n    echo \"error: The sandbox is not in sync with the Podfile.lock. Run 'pod install' or update your CocoaPods installation.\" >&2\n    exit 1\nfi\n";
			showEnvVarsInLog = 0;
		};
		E32878BE6A3DA088655E656D /* [CP] Check Pods Manifest.lock */ = {
			isa = PBXShellScriptBuildPhase;
			buildActionMask = 2147483647;
			files = (
			);
			inputPaths = (
			);
			name = "[CP] Check Pods Manifest.lock";
			outputPaths = (
			);
			runOnlyForDeploymentPostprocessing = 0;
			shellPath = /bin/sh;
			shellScript = "diff \"${PODS_PODFILE_DIR_PATH}/Podfile.lock\" \"${PODS_ROOT}/Manifest.lock\" > /dev/null\nif [ $? != 0 ] ; then\n    # print error to STDERR\n    echo \"error: The sandbox is not in sync with the Podfile.lock. Run 'pod install' or update your CocoaPods installation.\" >&2\n    exit 1\nfi\n";
			showEnvVarsInLog = 0;
		};
/* End PBXShellScriptBuildPhase section */

/* Begin PBXSourcesBuildPhase section */
		8C12F2C81EF46E550044BDB3 /* Sources */ = {
			isa = PBXSourcesBuildPhase;
			buildActionMask = 2147483647;
			files = (
				8C4C1A961EFBAF7700DEAD6E /* TLTweetButtonView.m in Sources */,
				8C4C1A671EFB711F00DEAD6E /* TLTweet.m in Sources */,
				8C4C1A481EFACABC00DEAD6E /* TLAuthUser.m in Sources */,
				8C4C1A7B1EFB817600DEAD6E /* TLTweetTableViewCell.m in Sources */,
				8C12F2D71EF46E560044BDB3 /* ViewController.m in Sources */,
				8C4C1A9D1EFC406900DEAD6E /* TLTweetEditorViewController.m in Sources */,
				8C4C1A741EFB7C4900DEAD6E /* TLHomeTimelineTableViewController.m in Sources */,
				8C4C1A4D1EFAE15600DEAD6E /* TLLoginViewController.m in Sources */,
				8C4C1A6B1EFB7A2200DEAD6E /* TLBaseViewController.m in Sources */,
				8C12F2D41EF46E560044BDB3 /* AppDelegate.m in Sources */,
				8C4C1A591EFAE8DD00DEAD6E /* TLProfileLoginView.m in Sources */,
				8C12F2D11EF46E550044BDB3 /* main.m in Sources */,
				8C4C1A3C1EF9A78700DEAD6E /* TLTwitterAPIClient.m in Sources */,
				8C4C1A441EFACA0000DEAD6E /* TLUser.m in Sources */,
			);
			runOnlyForDeploymentPostprocessing = 0;
		};
		8C12F2E11EF46E590044BDB3 /* Sources */ = {
			isa = PBXSourcesBuildPhase;
			buildActionMask = 2147483647;
			files = (
				8C4C1A7C1EFB817600DEAD6E /* TLTweetTableViewCell.m in Sources */,
				8C12F2EA1EF46E590044BDB3 /* ChirpTests.m in Sources */,
				8C4C1A751EFB7C4900DEAD6E /* TLHomeTimelineTableViewController.m in Sources */,
				8C4C1A491EFACABC00DEAD6E /* TLAuthUser.m in Sources */,
				8C4C1A681EFB712000DEAD6E /* TLTweet.m in Sources */,
				8C4C1A971EFBAF7700DEAD6E /* TLTweetButtonView.m in Sources */,
				8C4C1A451EFACA0000DEAD6E /* TLUser.m in Sources */,
				8C4C1A9E1EFC406A00DEAD6E /* TLTweetEditorViewController.m in Sources */,
				8C4C1A3D1EF9A78700DEAD6E /* TLTwitterAPIClient.m in Sources */,
				8C4C1A6C1EFB7A2200DEAD6E /* TLBaseViewController.m in Sources */,
			);
			runOnlyForDeploymentPostprocessing = 0;
		};
/* End PBXSourcesBuildPhase section */

/* Begin PBXTargetDependency section */
		8C12F2E71EF46E590044BDB3 /* PBXTargetDependency */ = {
			isa = PBXTargetDependency;
			target = 8C12F2CB1EF46E550044BDB3 /* Chirp */;
			targetProxy = 8C12F2E61EF46E590044BDB3 /* PBXContainerItemProxy */;
		};
/* End PBXTargetDependency section */

/* Begin PBXVariantGroup section */
		8C12F2D81EF46E570044BDB3 /* Main.storyboard */ = {
			isa = PBXVariantGroup;
			children = (
				8C12F2D91EF46E570044BDB3 /* Base */,
			);
			name = Main.storyboard;
			sourceTree = "<group>";
		};
		8C12F2DD1EF46E580044BDB3 /* LaunchScreen.storyboard */ = {
			isa = PBXVariantGroup;
			children = (
				8C12F2DE1EF46E580044BDB3 /* Base */,
			);
			name = LaunchScreen.storyboard;
			sourceTree = "<group>";
		};
/* End PBXVariantGroup section */

/* Begin XCBuildConfiguration section */
		8C12F2EC1EF46E590044BDB3 /* Debug */ = {
			isa = XCBuildConfiguration;
			buildSettings = {
				ALWAYS_SEARCH_USER_PATHS = NO;
				CLANG_ANALYZER_NONNULL = YES;
				CLANG_ANALYZER_NUMBER_OBJECT_CONVERSION = YES_AGGRESSIVE;
				CLANG_CXX_LANGUAGE_STANDARD = "gnu++0x";
				CLANG_CXX_LIBRARY = "libc++";
				CLANG_ENABLE_MODULES = YES;
				CLANG_ENABLE_OBJC_ARC = YES;
				CLANG_WARN_BOOL_CONVERSION = YES;
				CLANG_WARN_CONSTANT_CONVERSION = YES;
				CLANG_WARN_DIRECT_OBJC_ISA_USAGE = YES_ERROR;
				CLANG_WARN_DOCUMENTATION_COMMENTS = YES;
				CLANG_WARN_EMPTY_BODY = YES;
				CLANG_WARN_ENUM_CONVERSION = YES;
				CLANG_WARN_INFINITE_RECURSION = YES;
				CLANG_WARN_INT_CONVERSION = YES;
				CLANG_WARN_OBJC_ROOT_CLASS = YES_ERROR;
				CLANG_WARN_SUSPICIOUS_MOVE = YES;
				CLANG_WARN_UNREACHABLE_CODE = YES;
				CLANG_WARN__DUPLICATE_METHOD_MATCH = YES;
				"CODE_SIGN_IDENTITY[sdk=iphoneos*]" = "iPhone Developer";
				COPY_PHASE_STRIP = NO;
				DEBUG_INFORMATION_FORMAT = dwarf;
				ENABLE_STRICT_OBJC_MSGSEND = YES;
				ENABLE_TESTABILITY = YES;
				GCC_C_LANGUAGE_STANDARD = gnu99;
				GCC_DYNAMIC_NO_PIC = NO;
				GCC_NO_COMMON_BLOCKS = YES;
				GCC_OPTIMIZATION_LEVEL = 0;
				GCC_PREPROCESSOR_DEFINITIONS = (
					"DEBUG=1",
					"$(inherited)",
				);
				GCC_WARN_64_TO_32_BIT_CONVERSION = YES;
				GCC_WARN_ABOUT_RETURN_TYPE = YES_ERROR;
				GCC_WARN_UNDECLARED_SELECTOR = YES;
				GCC_WARN_UNINITIALIZED_AUTOS = YES_AGGRESSIVE;
				GCC_WARN_UNUSED_FUNCTION = YES;
				GCC_WARN_UNUSED_VARIABLE = YES;
				IPHONEOS_DEPLOYMENT_TARGET = 10.3;
				MTL_ENABLE_DEBUG_INFO = YES;
				ONLY_ACTIVE_ARCH = YES;
				SDKROOT = iphoneos;
			};
			name = Debug;
		};
		8C12F2ED1EF46E590044BDB3 /* Release */ = {
			isa = XCBuildConfiguration;
			buildSettings = {
				ALWAYS_SEARCH_USER_PATHS = NO;
				CLANG_ANALYZER_NONNULL = YES;
				CLANG_ANALYZER_NUMBER_OBJECT_CONVERSION = YES_AGGRESSIVE;
				CLANG_CXX_LANGUAGE_STANDARD = "gnu++0x";
				CLANG_CXX_LIBRARY = "libc++";
				CLANG_ENABLE_MODULES = YES;
				CLANG_ENABLE_OBJC_ARC = YES;
				CLANG_WARN_BOOL_CONVERSION = YES;
				CLANG_WARN_CONSTANT_CONVERSION = YES;
				CLANG_WARN_DIRECT_OBJC_ISA_USAGE = YES_ERROR;
				CLANG_WARN_DOCUMENTATION_COMMENTS = YES;
				CLANG_WARN_EMPTY_BODY = YES;
				CLANG_WARN_ENUM_CONVERSION = YES;
				CLANG_WARN_INFINITE_RECURSION = YES;
				CLANG_WARN_INT_CONVERSION = YES;
				CLANG_WARN_OBJC_ROOT_CLASS = YES_ERROR;
				CLANG_WARN_SUSPICIOUS_MOVE = YES;
				CLANG_WARN_UNREACHABLE_CODE = YES;
				CLANG_WARN__DUPLICATE_METHOD_MATCH = YES;
				"CODE_SIGN_IDENTITY[sdk=iphoneos*]" = "iPhone Developer";
				COPY_PHASE_STRIP = NO;
				DEBUG_INFORMATION_FORMAT = "dwarf-with-dsym";
				ENABLE_NS_ASSERTIONS = NO;
				ENABLE_STRICT_OBJC_MSGSEND = YES;
				GCC_C_LANGUAGE_STANDARD = gnu99;
				GCC_NO_COMMON_BLOCKS = YES;
				GCC_WARN_64_TO_32_BIT_CONVERSION = YES;
				GCC_WARN_ABOUT_RETURN_TYPE = YES_ERROR;
				GCC_WARN_UNDECLARED_SELECTOR = YES;
				GCC_WARN_UNINITIALIZED_AUTOS = YES_AGGRESSIVE;
				GCC_WARN_UNUSED_FUNCTION = YES;
				GCC_WARN_UNUSED_VARIABLE = YES;
				IPHONEOS_DEPLOYMENT_TARGET = 10.3;
				MTL_ENABLE_DEBUG_INFO = NO;
				SDKROOT = iphoneos;
				VALIDATE_PRODUCT = YES;
			};
			name = Release;
		};
		8C12F2EF1EF46E590044BDB3 /* Debug */ = {
			isa = XCBuildConfiguration;
			baseConfigurationReference = 5F611F31AE2114BE4CFDE34C /* Pods-Chirp.debug.xcconfig */;
			buildSettings = {
				ASSETCATALOG_COMPILER_APPICON_NAME = AppIcon;
				DEVELOPMENT_TEAM = 762W2U8JVP;
				INFOPLIST_FILE = Chirp/Info.plist;
				LD_RUNPATH_SEARCH_PATHS = "$(inherited) @executable_path/Frameworks";
				PRODUCT_BUNDLE_IDENTIFIER = "com.mark-gage.Chirp";
				PRODUCT_NAME = "$(TARGET_NAME)";
			};
			name = Debug;
		};
		8C12F2F01EF46E590044BDB3 /* Release */ = {
			isa = XCBuildConfiguration;
			baseConfigurationReference = BB7C9F27E68F2E3D1A1CA577 /* Pods-Chirp.release.xcconfig */;
			buildSettings = {
				ASSETCATALOG_COMPILER_APPICON_NAME = AppIcon;
				DEVELOPMENT_TEAM = 762W2U8JVP;
				INFOPLIST_FILE = Chirp/Info.plist;
				LD_RUNPATH_SEARCH_PATHS = "$(inherited) @executable_path/Frameworks";
				PRODUCT_BUNDLE_IDENTIFIER = "com.mark-gage.Chirp";
				PRODUCT_NAME = "$(TARGET_NAME)";
			};
			name = Release;
		};
		8C12F2F21EF46E590044BDB3 /* Debug */ = {
			isa = XCBuildConfiguration;
			baseConfigurationReference = 11111EC92D6F3A22D85AE2E9 /* Pods-ChirpTests.debug.xcconfig */;
			buildSettings = {
				BUNDLE_LOADER = "$(TEST_HOST)";
				INFOPLIST_FILE = ChirpTests/Info.plist;
				LD_RUNPATH_SEARCH_PATHS = "$(inherited) @executable_path/Frameworks @loader_path/Frameworks";
				PRODUCT_BUNDLE_IDENTIFIER = "mark-gage.ChirpTests";
				PRODUCT_NAME = "$(TARGET_NAME)";
				TEST_HOST = "$(BUILT_PRODUCTS_DIR)/Chirp.app/Chirp";
			};
			name = Debug;
		};
		8C12F2F31EF46E590044BDB3 /* Release */ = {
			isa = XCBuildConfiguration;
			baseConfigurationReference = 139917D3C26A9CD0F67B85D9 /* Pods-ChirpTests.release.xcconfig */;
			buildSettings = {
				BUNDLE_LOADER = "$(TEST_HOST)";
				INFOPLIST_FILE = ChirpTests/Info.plist;
				LD_RUNPATH_SEARCH_PATHS = "$(inherited) @executable_path/Frameworks @loader_path/Frameworks";
				PRODUCT_BUNDLE_IDENTIFIER = "mark-gage.ChirpTests";
				PRODUCT_NAME = "$(TARGET_NAME)";
				TEST_HOST = "$(BUILT_PRODUCTS_DIR)/Chirp.app/Chirp";
			};
			name = Release;
		};
/* End XCBuildConfiguration section */

/* Begin XCConfigurationList section */
		8C12F2C71EF46E550044BDB3 /* Build configuration list for PBXProject "Chirp" */ = {
			isa = XCConfigurationList;
			buildConfigurations = (
				8C12F2EC1EF46E590044BDB3 /* Debug */,
				8C12F2ED1EF46E590044BDB3 /* Release */,
			);
			defaultConfigurationIsVisible = 0;
			defaultConfigurationName = Release;
		};
		8C12F2EE1EF46E590044BDB3 /* Build configuration list for PBXNativeTarget "Chirp" */ = {
			isa = XCConfigurationList;
			buildConfigurations = (
				8C12F2EF1EF46E590044BDB3 /* Debug */,
				8C12F2F01EF46E590044BDB3 /* Release */,
			);
			defaultConfigurationIsVisible = 0;
			defaultConfigurationName = Release;
		};
		8C12F2F11EF46E590044BDB3 /* Build configuration list for PBXNativeTarget "ChirpTests" */ = {
			isa = XCConfigurationList;
			buildConfigurations = (
				8C12F2F21EF46E590044BDB3 /* Debug */,
				8C12F2F31EF46E590044BDB3 /* Release */,
			);
			defaultConfigurationIsVisible = 0;
			defaultConfigurationName = Release;
		};
/* End XCConfigurationList section */
	};
	rootObject = 8C12F2C41EF46E540044BDB3 /* Project object */;
}
